
Microsoft Visual Studio Solution File, Format Version 12.00
# Visual Studio Version 17
VisualStudioVersion = 17.4.33403.182
MinimumVisualStudioVersion = 10.0.40219.1
Project("{FAE04EC0-301F-11D3-BF4B-00C04F79EFBC}") = "HW8", "HW8\HW8.csproj", "{3577D8CE-7578-45B2-9564-2F92D8D8D6A8}"
EndProject
Global
	GlobalSection(SolutionConfigurationPlatforms) = preSolution
		Debug|Any CPU = Debug|Any CPU
		Release|Any CPU = Release|Any CPU
	EndGlobalSection
	GlobalSection(ProjectConfigurationPlatforms) = postSolution
		{3577D8CE-7578-45B2-9564-2F92D8D8D6A8}.Debug|Any CPU.ActiveCfg = Debug|Any CPU
		{3577D8CE-7578-45B2-9564-2F92D8D8D6A8}.Debug|Any CPU.Build.0 = Debug|Any CPU
		{3577D8CE-7578-45B2-9564-2F92D8D8D6A8}.Release|Any CPU.ActiveCfg = Release|Any CPU
		{3577D8CE-7578-45B2-9564-2F92D8D8D6A8}.Release|Any CPU.Build.0 = Release|Any CPU
	EndGlobalSection
	GlobalSection(SolutionProperties) = preSolution
		HideSolutionNode = FALSE
	EndGlobalSection
	GlobalSection(ExtensibilityGlobals) = postSolution
		SolutionGuid = {9D07C0E6-64C5-4375-8EDB-9DD38579074B}
	EndGlobalSection
EndGlobal
