
Microsoft Visual Studio Solution File, Format Version 12.00
# Visual Studio Version 17
VisualStudioVersion = 17.4.33403.182
MinimumVisualStudioVersion = 10.0.40219.1
Project("{FAE04EC0-301F-11D3-BF4B-00C04F79EFBC}") = "hw10", "hw10\hw10.csproj", "{2925B627-104B-4043-B17C-7228CC3D4A54}"
EndProject
Global
	GlobalSection(SolutionConfigurationPlatforms) = preSolution
		Debug|Any CPU = Debug|Any CPU
		Release|Any CPU = Release|Any CPU
	EndGlobalSection
	GlobalSection(ProjectConfigurationPlatforms) = postSolution
		{2925B627-104B-4043-B17C-7228CC3D4A54}.Debug|Any CPU.ActiveCfg = Debug|Any CPU
		{2925B627-104B-4043-B17C-7228CC3D4A54}.Debug|Any CPU.Build.0 = Debug|Any CPU
		{2925B627-104B-4043-B17C-7228CC3D4A54}.Release|Any CPU.ActiveCfg = Release|Any CPU
		{2925B627-104B-4043-B17C-7228CC3D4A54}.Release|Any CPU.Build.0 = Release|Any CPU
	EndGlobalSection
	GlobalSection(SolutionProperties) = preSolution
		HideSolutionNode = FALSE
	EndGlobalSection
	GlobalSection(ExtensibilityGlobals) = postSolution
		SolutionGuid = {F2E05C9C-4831-44DD-B37B-4C094E6F6310}
	EndGlobalSection
EndGlobal
