
Microsoft Visual Studio Solution File, Format Version 12.00
# Visual Studio Version 17
VisualStudioVersion = 17.4.33403.182
MinimumVisualStudioVersion = 10.0.40219.1
Project("{FAE04EC0-301F-11D3-BF4B-00C04F79EFBC}") = "HW9", "HW9\HW9.csproj", "{A13DE597-E0FD-4F7F-8078-C25DFA3353EE}"
EndProject
Global
	GlobalSection(SolutionConfigurationPlatforms) = preSolution
		Debug|Any CPU = Debug|Any CPU
		Release|Any CPU = Release|Any CPU
	EndGlobalSection
	GlobalSection(ProjectConfigurationPlatforms) = postSolution
		{A13DE597-E0FD-4F7F-8078-C25DFA3353EE}.Debug|Any CPU.ActiveCfg = Debug|Any CPU
		{A13DE597-E0FD-4F7F-8078-C25DFA3353EE}.Debug|Any CPU.Build.0 = Debug|Any CPU
		{A13DE597-E0FD-4F7F-8078-C25DFA3353EE}.Release|Any CPU.ActiveCfg = Release|Any CPU
		{A13DE597-E0FD-4F7F-8078-C25DFA3353EE}.Release|Any CPU.Build.0 = Release|Any CPU
	EndGlobalSection
	GlobalSection(SolutionProperties) = preSolution
		HideSolutionNode = FALSE
	EndGlobalSection
	GlobalSection(ExtensibilityGlobals) = postSolution
		SolutionGuid = {825C199C-3E80-41E4-836A-01757AFCEFA7}
	EndGlobalSection
EndGlobal
