
Microsoft Visual Studio Solution File, Format Version 12.00
# Visual Studio Version 17
VisualStudioVersion = 17.4.33403.182
MinimumVisualStudioVersion = 10.0.40219.1
Project("{FAE04EC0-301F-11D3-BF4B-00C04F79EFBC}") = "HW5", "HW5\HW5.csproj", "{D9A538AA-9E49-4AA8-BFA3-992AB177CBB0}"
EndProject
Global
	GlobalSection(SolutionConfigurationPlatforms) = preSolution
		Debug|Any CPU = Debug|Any CPU
		Release|Any CPU = Release|Any CPU
	EndGlobalSection
	GlobalSection(ProjectConfigurationPlatforms) = postSolution
		{D9A538AA-9E49-4AA8-BFA3-992AB177CBB0}.Debug|Any CPU.ActiveCfg = Debug|Any CPU
		{D9A538AA-9E49-4AA8-BFA3-992AB177CBB0}.Debug|Any CPU.Build.0 = Debug|Any CPU
		{D9A538AA-9E49-4AA8-BFA3-992AB177CBB0}.Release|Any CPU.ActiveCfg = Release|Any CPU
		{D9A538AA-9E49-4AA8-BFA3-992AB177CBB0}.Release|Any CPU.Build.0 = Release|Any CPU
	EndGlobalSection
	GlobalSection(SolutionProperties) = preSolution
		HideSolutionNode = FALSE
	EndGlobalSection
	GlobalSection(ExtensibilityGlobals) = postSolution
		SolutionGuid = {A2D9DF0F-9BC7-47A5-8713-902BBCA4919F}
	EndGlobalSection
EndGlobal
